
Microsoft Visual Studio Solution File, Format Version 12.00
# Visual Studio Version 17
VisualStudioVersion = 17.4.33213.308
MinimumVisualStudioVersion = 10.0.40219.1
Project("{FAE04EC0-301F-11D3-BF4B-00C04F79EFBC}") = "ReactionEmoji", "ReactionEmoji\ReactionEmoji.csproj", "{2635927A-D2CB-4367-A075-F95CD8B0CF99}"
EndProject
Global
	GlobalSection(SolutionConfigurationPlatforms) = preSolution
		Debug|Any CPU = Debug|Any CPU
		Release|Any CPU = Release|Any CPU
	EndGlobalSection
	GlobalSection(ProjectConfigurationPlatforms) = postSolution
		{2635927A-D2CB-4367-A075-F95CD8B0CF99}.Debug|Any CPU.ActiveCfg = Debug|Any CPU
		{2635927A-D2CB-4367-A075-F95CD8B0CF99}.Debug|Any CPU.Build.0 = Debug|Any CPU
		{2635927A-D2CB-4367-A075-F95CD8B0CF99}.Release|Any CPU.ActiveCfg = Release|Any CPU
		{2635927A-D2CB-4367-A075-F95CD8B0CF99}.Release|Any CPU.Build.0 = Release|Any CPU
	EndGlobalSection
	GlobalSection(SolutionProperties) = preSolution
		HideSolutionNode = FALSE
	EndGlobalSection
	GlobalSection(ExtensibilityGlobals) = postSolution
		SolutionGuid = {90E04568-7D5B-4016-A1A7-1092ECCD70D2}
	EndGlobalSection
EndGlobal
